// !$*UTF8*$!
{
	archiveVersion = 1;
	classes = {
	};
	objectVersion = 46;
	objects = {

/* Begin PBXBuildFile section */
		D702DD4E1F4FC52C0057F54F /* AppDelegate.swift in Sources */ = {isa = PBXBuildFile; fileRef = D702DD4D1F4FC52C0057F54F /* AppDelegate.swift */; };
		D702DD501F4FC52C0057F54F /* ViewController.swift in Sources */ = {isa = PBXBuildFile; fileRef = D702DD4F1F4FC52C0057F54F /* ViewController.swift */; };
		D702DD531F4FC52C0057F54F /* Main.storyboard in Resources */ = {isa = PBXBuildFile; fileRef = D702DD511F4FC52C0057F54F /* Main.storyboard */; };
		D702DD551F4FC52C0057F54F /* Assets.xcassets in Resources */ = {isa = PBXBuildFile; fileRef = D702DD541F4FC52C0057F54F /* Assets.xcassets */; };
		D702DD581F4FC52C0057F54F /* LaunchScreen.storyboard in Resources */ = {isa = PBXBuildFile; fileRef = D702DD561F4FC52C0057F54F /* LaunchScreen.storyboard */; };
		D702DD621F5060710057F54F /* CurveAlgorithm.swift in Sources */ = {isa = PBXBuildFile; fileRef = D702DD611F5060710057F54F /* CurveAlgorithm.swift */; };
		D702DD641F506FE80057F54F /* LineChart.swift in Sources */ = {isa = PBXBuildFile; fileRef = D702DD631F506FE80057F54F /* LineChart.swift */; };
/* End PBXBuildFile section */

/* Begin PBXFileReference section */
		D702DD4A1F4FC52C0057F54F /* LineChart.app */ = {isa = PBXFileReference; explicitFileType = wrapper.application; includeInIndex = 0; path = LineChart.app; sourceTree = BUILT_PRODUCTS_DIR; };
		D702DD4D1F4FC52C0057F54F /* AppDelegate.swift */ = {isa = PBXFileReference; lastKnownFileType = sourcecode.swift; path = AppDelegate.swift; sourceTree = "<group>"; };
		D702DD4F1F4FC52C0057F54F /* ViewController.swift */ = {isa = PBXFileReference; lastKnownFileType = sourcecode.swift; path = ViewController.swift; sourceTree = "<group>"; };
		D702DD521F4FC52C0057F54F /* Base */ = {isa = PBXFileReference; lastKnownFileType = file.storyboard; name = Base; path = Base.lproj/Main.storyboard; sourceTree = "<group>"; };
		D702DD541F4FC52C0057F54F /* Assets.xcassets */ = {isa = PBXFileReference; lastKnownFileType = folder.assetcatalog; path = Assets.xcassets; sourceTree = "<group>"; };
		D702DD571F4FC52C0057F54F /* Base */ = {isa = PBXFileReference; lastKnownFileType = file.storyboard; name = Base; path = Base.lproj/LaunchScreen.storyboard; sourceTree = "<group>"; };
		D702DD591F4FC52C0057F54F /* Info.plist */ = {isa = PBXFileReference; lastKnownFileType = text.plist.xml; path = Info.plist; sourceTree = "<group>"; };
		D702DD611F5060710057F54F /* CurveAlgorithm.swift */ = {isa = PBXFileReference; fileEncoding = 4; lastKnownFileType = sourcecode.swift; path = CurveAlgorithm.swift; sourceTree = "<group>"; };
		D702DD631F506FE80057F54F /* LineChart.swift */ = {isa = PBXFileReference; fileEncoding = 4; lastKnownFileType = sourcecode.swift; path = LineChart.swift; sourceTree = "<group>"; };
/* End PBXFileReference section */

/* Begin PBXFrameworksBuildPhase section */
		D702DD471F4FC52C0057F54F /* Frameworks */ = {
			isa = PBXFrameworksBuildPhase;
			buildActionMask = 2147483647;
			files = (
			);
			runOnlyForDeploymentPostprocessing = 0;
		};
/* End PBXFrameworksBuildPhase section */

/* Begin PBXGroup section */
		D702DD411F4FC52C0057F54F = {
			isa = PBXGroup;
			children = (
				D702DD4C1F4FC52C0057F54F /* LineChart */,
				D702DD4B1F4FC52C0057F54F /* Products */,
			);
			sourceTree = "<group>";
		};
		D702DD4B1F4FC52C0057F54F /* Products */ = {
			isa = PBXGroup;
			children = (
				D702DD4A1F4FC52C0057F54F /* LineChart.app */,
			);
			name = Products;
			sourceTree = "<group>";
		};
		D702DD4C1F4FC52C0057F54F /* LineChart */ = {
			isa = PBXGroup;
			children = (
				D702DD4D1F4FC52C0057F54F /* AppDelegate.swift */,
				D702DD4F1F4FC52C0057F54F /* ViewController.swift */,
				D702DD611F5060710057F54F /* CurveAlgorithm.swift */,
				D702DD631F506FE80057F54F /* LineChart.swift */,
				D702DD511F4FC52C0057F54F /* Main.storyboard */,
				D702DD541F4FC52C0057F54F /* Assets.xcassets */,
				D702DD561F4FC52C0057F54F /* LaunchScreen.storyboard */,
				D702DD591F4FC52C0057F54F /* Info.plist */,
			);
			path = LineChart;
			sourceTree = "<group>";
		};
/* End PBXGroup section */

/* Begin PBXNativeTarget section */
		D702DD491F4FC52C0057F54F /* LineChart */ = {
			isa = PBXNativeTarget;
			buildConfigurationList = D702DD5C1F4FC52C0057F54F /* Build configuration list for PBXNativeTarget "LineChart" */;
			buildPhases = (
				D702DD461F4FC52C0057F54F /* Sources */,
				D702DD471F4FC52C0057F54F /* Frameworks */,
				D702DD481F4FC52C0057F54F /* Resources */,
			);
			buildRules = (
			);
			dependencies = (
			);
			name = LineChart;
			productName = LineChart;
			productReference = D702DD4A1F4FC52C0057F54F /* LineChart.app */;
			productType = "com.apple.product-type.application";
		};
/* End PBXNativeTarget section */

/* Begin PBXProject section */
		D702DD421F4FC52C0057F54F /* Project object */ = {
			isa = PBXProject;
			attributes = {
				LastSwiftUpdateCheck = 0830;
				LastUpgradeCheck = 0830;
				ORGANIZATIONNAME = "Nguyen Vu Nhat Minh";
				TargetAttributes = {
					D702DD491F4FC52C0057F54F = {
						CreatedOnToolsVersion = 8.3.3;
						DevelopmentTeam = 9TZTHJXX2D;
						ProvisioningStyle = Automatic;
					};
				};
			};
			buildConfigurationList = D702DD451F4FC52C0057F54F /* Build configuration list for PBXProject "LineChart" */;
			compatibilityVersion = "Xcode 3.2";
			developmentRegion = English;
			hasScannedForEncodings = 0;
			knownRegions = (
				en,
				Base,
			);
			mainGroup = D702DD411F4FC52C0057F54F;
			productRefGroup = D702DD4B1F4FC52C0057F54F /* Products */;
			projectDirPath = "";
			projectRoot = "";
			targets = (
				D702DD491F4FC52C0057F54F /* LineChart */,
			);
		};
/* End PBXProject section */

/* Begin PBXResourcesBuildPhase section */
		D702DD481F4FC52C0057F54F /* Resources */ = {
			isa = PBXResourcesBuildPhase;
			buildActionMask = 2147483647;
			files = (
				D702DD581F4FC52C0057F54F /* LaunchScreen.storyboard in Resources */,
				D702DD551F4FC52C0057F54F /* Assets.xcassets in Resources */,
				D702DD531F4FC52C0057F54F /* Main.storyboard in Resources */,
			);
			runOnlyForDeploymentPostprocessing = 0;
		};
/* End PBXResourcesBuildPhase section */

/* Begin PBXSourcesBuildPhase section */
		D702DD461F4FC52C0057F54F /* Sources */ = {
			isa = PBXSourcesBuildPhase;
			buildActionMask = 2147483647;
			files = (
				D702DD641F506FE80057F54F /* LineChart.swift in Sources */,
				D702DD501F4FC52C0057F54F /* ViewController.swift in Sources */,
				D702DD4E1F4FC52C0057F54F /* AppDelegate.swift in Sources */,
				D702DD621F5060710057F54F /* CurveAlgorithm.swift in Sources */,
			);
			runOnlyForDeploymentPostprocessing = 0;
		};
/* End PBXSourcesBuildPhase section */

/* Begin PBXVariantGroup section */
		D702DD511F4FC52C0057F54F /* Main.storyboard */ = {
			isa = PBXVariantGroup;
			children = (
				D702DD521F4FC52C0057F54F /* Base */,
			);
			name = Main.storyboard;
			sourceTree = "<group>";
		};
		D702DD561F4FC52C0057F54F /* LaunchScreen.storyboard */ = {
			isa = PBXVariantGroup;
			children = (
				D702DD571F4FC52C0057F54F /* Base */,
			);
			name = LaunchScreen.storyboard;
			sourceTree = "<group>";
		};
/* End PBXVariantGroup section */

/* Begin XCBuildConfiguration section */
		D702DD5A1F4FC52C0057F54F /* Debug */ = {
			isa = XCBuildConfiguration;
			buildSettings = {
				ALWAYS_SEARCH_USER_PATHS = NO;
				CLANG_ANALYZER_NONNULL = YES;
				CLANG_ANALYZER_NUMBER_OBJECT_CONVERSION = YES_AGGRESSIVE;
				CLANG_CXX_LANGUAGE_STANDARD = "gnu++0x";
				CLANG_CXX_LIBRARY = "libc++";
				CLANG_ENABLE_MODULES = YES;
				CLANG_ENABLE_OBJC_ARC = YES;
				CLANG_WARN_BOOL_CONVERSION = YES;
				CLANG_WARN_CONSTANT_CONVERSION = YES;
				CLANG_WARN_DIRECT_OBJC_ISA_USAGE = YES_ERROR;
				CLANG_WARN_DOCUMENTATION_COMMENTS = YES;
				CLANG_WARN_EMPTY_BODY = YES;
				CLANG_WARN_ENUM_CONVERSION = YES;
				CLANG_WARN_INFINITE_RECURSION = YES;
				CLANG_WARN_INT_CONVERSION = YES;
				CLANG_WARN_OBJC_ROOT_CLASS = YES_ERROR;
				CLANG_WARN_SUSPICIOUS_MOVE = YES;
				CLANG_WARN_UNREACHABLE_CODE = YES;
				CLANG_WARN__DUPLICATE_METHOD_MATCH = YES;
				"CODE_SIGN_IDENTITY[sdk=iphoneos*]" = "iPhone Developer";
				COPY_PHASE_STRIP = NO;
				DEBUG_INFORMATION_FORMAT = dwarf;
				ENABLE_STRICT_OBJC_MSGSEND = YES;
				ENABLE_TESTABILITY = YES;
				GCC_C_LANGUAGE_STANDARD = gnu99;
				GCC_DYNAMIC_NO_PIC = NO;
				GCC_NO_COMMON_BLOCKS = YES;
				GCC_OPTIMIZATION_LEVEL = 0;
				GCC_PREPROCESSOR_DEFINITIONS = (
					"DEBUG=1",
					"$(inherited)",
				);
				GCC_WARN_64_TO_32_BIT_CONVERSION = YES;
				GCC_WARN_ABOUT_RETURN_TYPE = YES_ERROR;
				GCC_WARN_UNDECLARED_SELECTOR = YES;
				GCC_WARN_UNINITIALIZED_AUTOS = YES_AGGRESSIVE;
				GCC_WARN_UNUSED_FUNCTION = YES;
				GCC_WARN_UNUSED_VARIABLE = YES;
				IPHONEOS_DEPLOYMENT_TARGET = 10.3;
				MTL_ENABLE_DEBUG_INFO = YES;
				ONLY_ACTIVE_ARCH = YES;
				SDKROOT = iphoneos;
				SWIFT_ACTIVE_COMPILATION_CONDITIONS = DEBUG;
				SWIFT_OPTIMIZATION_LEVEL = "-Onone";
				TARGETED_DEVICE_FAMILY = "1,2";
			};
			name = Debug;
		};
		D702DD5B1F4FC52C0057F54F /* Release */ = {
			isa = XCBuildConfiguration;
			buildSettings = {
				ALWAYS_SEARCH_USER_PATHS = NO;
				CLANG_ANALYZER_NONNULL = YES;
				CLANG_ANALYZER_NUMBER_OBJECT_CONVERSION = YES_AGGRESSIVE;
				CLANG_CXX_LANGUAGE_STANDARD = "gnu++0x";
				CLANG_CXX_LIBRARY = "libc++";
				CLANG_ENABLE_MODULES = YES;
				CLANG_ENABLE_OBJC_ARC = YES;
				CLANG_WARN_BOOL_CONVERSION = YES;
				CLANG_WARN_CONSTANT_CONVERSION = YES;
				CLANG_WARN_DIRECT_OBJC_ISA_USAGE = YES_ERROR;
				CLANG_WARN_DOCUMENTATION_COMMENTS = YES;
				CLANG_WARN_EMPTY_BODY = YES;
				CLANG_WARN_ENUM_CONVERSION = YES;
				CLANG_WARN_INFINITE_RECURSION = YES;
				CLANG_WARN_INT_CONVERSION = YES;
				CLANG_WARN_OBJC_ROOT_CLASS = YES_ERROR;
				CLANG_WARN_SUSPICIOUS_MOVE = YES;
				CLANG_WARN_UNREACHABLE_CODE = YES;
				CLANG_WARN__DUPLICATE_METHOD_MATCH = YES;
				"CODE_SIGN_IDENTITY[sdk=iphoneos*]" = "iPhone Developer";
				COPY_PHASE_STRIP = NO;
				DEBUG_INFORMATION_FORMAT = "dwarf-with-dsym";
				ENABLE_NS_ASSERTIONS = NO;
				ENABLE_STRICT_OBJC_MSGSEND = YES;
				GCC_C_LANGUAGE_STANDARD = gnu99;
				GCC_NO_COMMON_BLOCKS = YES;
				GCC_WARN_64_TO_32_BIT_CONVERSION = YES;
				GCC_WARN_ABOUT_RETURN_TYPE = YES_ERROR;
				GCC_WARN_UNDECLARED_SELECTOR = YES;
				GCC_WARN_UNINITIALIZED_AUTOS = YES_AGGRESSIVE;
				GCC_WARN_UNUSED_FUNCTION = YES;
				GCC_WARN_UNUSED_VARIABLE = YES;
				IPHONEOS_DEPLOYMENT_TARGET = 10.3;
				MTL_ENABLE_DEBUG_INFO = NO;
				SDKROOT = iphoneos;
				SWIFT_OPTIMIZATION_LEVEL = "-Owholemodule";
				TARGETED_DEVICE_FAMILY = "1,2";
				VALIDATE_PRODUCT = YES;
			};
			name = Release;
		};
		D702DD5D1F4FC52C0057F54F /* Debug */ = {
			isa = XCBuildConfiguration;
			buildSettings = {
				ASSETCATALOG_COMPILER_APPICON_NAME = AppIcon;
				DEVELOPMENT_TEAM = 9TZTHJXX2D;
				INFOPLIST_FILE = LineChart/Info.plist;
				LD_RUNPATH_SEARCH_PATHS = "$(inherited) @executable_path/Frameworks";
				PRODUCT_BUNDLE_IDENTIFIER = leonard.LineChart;
				PRODUCT_NAME = "$(TARGET_NAME)";
				SWIFT_VERSION = 3.0;
			};
			name = Debug;
		};
		D702DD5E1F4FC52C0057F54F /* Release */ = {
			isa = XCBuildConfiguration;
			buildSettings = {
				ASSETCATALOG_COMPILER_APPICON_NAME = AppIcon;
				DEVELOPMENT_TEAM = 9TZTHJXX2D;
				INFOPLIST_FILE = LineChart/Info.plist;
				LD_RUNPATH_SEARCH_PATHS = "$(inherited) @executable_path/Frameworks";
				PRODUCT_BUNDLE_IDENTIFIER = leonard.LineChart;
				PRODUCT_NAME = "$(TARGET_NAME)";
				SWIFT_VERSION = 3.0;
			};
			name = Release;
		};
/* End XCBuildConfiguration section */

/* Begin XCConfigurationList section */
		D702DD451F4FC52C0057F54F /* Build configuration list for PBXProject "LineChart" */ = {
			isa = XCConfigurationList;
			buildConfigurations = (
				D702DD5A1F4FC52C0057F54F /* Debug */,
				D702DD5B1F4FC52C0057F54F /* Release */,
			);
			defaultConfigurationIsVisible = 0;
			defaultConfigurationName = Release;
		};
		D702DD5C1F4FC52C0057F54F /* Build configuration list for PBXNativeTarget "LineChart" */ = {
			isa = XCConfigurationList;
			buildConfigurations = (
				D702DD5D1F4FC52C0057F54F /* Debug */,
				D702DD5E1F4FC52C0057F54F /* Release */,
			);
			defaultConfigurationIsVisible = 0;
		};
/* End XCConfigurationList section */
	};
	rootObject = D702DD421F4FC52C0057F54F /* Project object */;
}
